<Solution>
  <Folder Name="/Solution Items/">
    <File Path="Directory.Packages.props" />
    <File Path="README.md" />
    <File Path="RELEASENOTES.md" />
  </Folder>
  <Folder Name="/src/">
    <Project Path="src/gl2gh/gl2gh.csproj" />
  </Folder>
  <Folder Name="/tests/">
    <Project Path="tests/gl2gh.Tests/gl2gh.Tests.csproj" />
  </Folder>
</Solution>
